
Microsoft Visual Studio Solution File, Format Version 12.00
# Visual Studio Version 16
VisualStudioVersion = 16.0.30128.74
MinimumVisualStudioVersion = 10.0.40219.1
Project("{9A19103F-16F7-4668-BE54-9A1E7A4F7556}") = "Shakespeareanator.Api", "src\Shakespeareanator.Api\Shakespeareanator.Api.csproj", "{D7757B6C-5596-40D3-87FF-45E8C0FC84C0}"
EndProject
Project("{9A19103F-16F7-4668-BE54-9A1E7A4F7556}") = "Shakespeareanator.Pokemon", "src\Clients\Shakespeareanator.Pokemon\Shakespeareanator.Pokemon.csproj", "{8236DE76-3EEC-4C91-843B-4C5E98A06B77}"
EndProject
Project("{2150E333-8FDC-42A3-9474-1A3956D46DE8}") = "Clients", "Clients", "{183D1EAC-C395-45CB-BA58-A6C84550B997}"
EndProject
Project("{9A19103F-16F7-4668-BE54-9A1E7A4F7556}") = "Shakespeareanator.FunTranslations", "src\Clients\Shakespeareanator.FunTranslations\Shakespeareanator.FunTranslations.csproj", "{47F455B9-393A-4498-8746-47BD2E190D3B}"
EndProject
Project("{9A19103F-16F7-4668-BE54-9A1E7A4F7556}") = "Shakespeareanator.Services", "src\Shakespeareanator.Services\Shakespeareanator.Services.csproj", "{6D7BFC2B-7986-4D90-8579-5065C9EACB3F}"
EndProject
Project("{9A19103F-16F7-4668-BE54-9A1E7A4F7556}") = "Shakespeareanator.Utils", "src\Shakespeareanator.Utils\Shakespeareanator.Utils.csproj", "{C4FA86A2-35BC-46E0-9C46-557B2B43E839}"
EndProject
Global
	GlobalSection(SolutionConfigurationPlatforms) = preSolution
		Debug|Any CPU = Debug|Any CPU
		Release|Any CPU = Release|Any CPU
	EndGlobalSection
	GlobalSection(ProjectConfigurationPlatforms) = postSolution
		{D7757B6C-5596-40D3-87FF-45E8C0FC84C0}.Debug|Any CPU.ActiveCfg = Debug|Any CPU
		{D7757B6C-5596-40D3-87FF-45E8C0FC84C0}.Debug|Any CPU.Build.0 = Debug|Any CPU
		{D7757B6C-5596-40D3-87FF-45E8C0FC84C0}.Release|Any CPU.ActiveCfg = Release|Any CPU
		{D7757B6C-5596-40D3-87FF-45E8C0FC84C0}.Release|Any CPU.Build.0 = Release|Any CPU
		{8236DE76-3EEC-4C91-843B-4C5E98A06B77}.Debug|Any CPU.ActiveCfg = Debug|Any CPU
		{8236DE76-3EEC-4C91-843B-4C5E98A06B77}.Debug|Any CPU.Build.0 = Debug|Any CPU
		{8236DE76-3EEC-4C91-843B-4C5E98A06B77}.Release|Any CPU.ActiveCfg = Release|Any CPU
		{8236DE76-3EEC-4C91-843B-4C5E98A06B77}.Release|Any CPU.Build.0 = Release|Any CPU
		{47F455B9-393A-4498-8746-47BD2E190D3B}.Debug|Any CPU.ActiveCfg = Debug|Any CPU
		{47F455B9-393A-4498-8746-47BD2E190D3B}.Debug|Any CPU.Build.0 = Debug|Any CPU
		{47F455B9-393A-4498-8746-47BD2E190D3B}.Release|Any CPU.ActiveCfg = Release|Any CPU
		{47F455B9-393A-4498-8746-47BD2E190D3B}.Release|Any CPU.Build.0 = Release|Any CPU
		{6D7BFC2B-7986-4D90-8579-5065C9EACB3F}.Debug|Any CPU.ActiveCfg = Debug|Any CPU
		{6D7BFC2B-7986-4D90-8579-5065C9EACB3F}.Debug|Any CPU.Build.0 = Debug|Any CPU
		{6D7BFC2B-7986-4D90-8579-5065C9EACB3F}.Release|Any CPU.ActiveCfg = Release|Any CPU
		{6D7BFC2B-7986-4D90-8579-5065C9EACB3F}.Release|Any CPU.Build.0 = Release|Any CPU
		{C4FA86A2-35BC-46E0-9C46-557B2B43E839}.Debug|Any CPU.ActiveCfg = Debug|Any CPU
		{C4FA86A2-35BC-46E0-9C46-557B2B43E839}.Debug|Any CPU.Build.0 = Debug|Any CPU
		{C4FA86A2-35BC-46E0-9C46-557B2B43E839}.Release|Any CPU.ActiveCfg = Release|Any CPU
		{C4FA86A2-35BC-46E0-9C46-557B2B43E839}.Release|Any CPU.Build.0 = Release|Any CPU
	EndGlobalSection
	GlobalSection(SolutionProperties) = preSolution
		HideSolutionNode = FALSE
	EndGlobalSection
	GlobalSection(NestedProjects) = preSolution
		{8236DE76-3EEC-4C91-843B-4C5E98A06B77} = {183D1EAC-C395-45CB-BA58-A6C84550B997}
		{47F455B9-393A-4498-8746-47BD2E190D3B} = {183D1EAC-C395-45CB-BA58-A6C84550B997}
	EndGlobalSection
	GlobalSection(ExtensibilityGlobals) = postSolution
		SolutionGuid = {C02FBB0E-6EE3-407D-9A49-23DC5413AF3B}
	EndGlobalSection
EndGlobal
